// !$*UTF8*$!
{
	archiveVersion = 1;
	classes = {
	};
	objectVersion = 56;
	objects = {

/* Begin PBXBuildFile section */
		6015A1C82B78FB9B00E9D879 /* AppDelegate.swift in Sources */ = {isa = PBXBuildFile; fileRef = 6015A1C72B78FB9B00E9D879 /* AppDelegate.swift */; };
		6015A1CA2B78FB9B00E9D879 /* SceneDelegate.swift in Sources */ = {isa = PBXBuildFile; fileRef = 6015A1C92B78FB9B00E9D879 /* SceneDelegate.swift */; };
		6015A1CC2B78FB9B00E9D879 /* PokeListViewController.swift in Sources */ = {isa = PBXBuildFile; fileRef = 6015A1CB2B78FB9B00E9D879 /* PokeListViewController.swift */; };
		6015A1D12B78FB9C00E9D879 /* Assets.xcassets in Resources */ = {isa = PBXBuildFile; fileRef = 6015A1D02B78FB9C00E9D879 /* Assets.xcassets */; };
		6015A1D42B78FB9C00E9D879 /* LaunchScreen.storyboard in Resources */ = {isa = PBXBuildFile; fileRef = 6015A1D22B78FB9C00E9D879 /* LaunchScreen.storyboard */; };
		6015A1E22B78FD0F00E9D879 /* PokeListViewModel.swift in Sources */ = {isa = PBXBuildFile; fileRef = 6015A1E12B78FD0F00E9D879 /* PokeListViewModel.swift */; };
		6015A1E42B78FE7300E9D879 /* PokeSearchFlowCoordinator.swift in Sources */ = {isa = PBXBuildFile; fileRef = 6015A1E32B78FE7300E9D879 /* PokeSearchFlowCoordinator.swift */; };
		6015A1E62B78FEA300E9D879 /* Coordinator.swift in Sources */ = {isa = PBXBuildFile; fileRef = 6015A1E52B78FEA300E9D879 /* Coordinator.swift */; };
		6015A1E82B7900CF00E9D879 /* AppCoordinator.swift in Sources */ = {isa = PBXBuildFile; fileRef = 6015A1E72B7900CF00E9D879 /* AppCoordinator.swift */; };
		6015A1ED2B79033000E9D879 /* PokeListViewModelImp.swift in Sources */ = {isa = PBXBuildFile; fileRef = 6015A1EC2B79033000E9D879 /* PokeListViewModelImp.swift */; };
		6015A1F12B79C74A00E9D879 /* PokeListTableView.swift in Sources */ = {isa = PBXBuildFile; fileRef = 6015A1F02B79C74A00E9D879 /* PokeListTableView.swift */; };
		6015A1F42B79C8B700E9D879 /* PokeListItemCell.swift in Sources */ = {isa = PBXBuildFile; fileRef = 6015A1F32B79C8B700E9D879 /* PokeListItemCell.swift */; };
		6015A1F62B79D17300E9D879 /* PokeListItem.swift in Sources */ = {isa = PBXBuildFile; fileRef = 6015A1F52B79D17300E9D879 /* PokeListItem.swift */; };
/* End PBXBuildFile section */

/* Begin PBXFileReference section */
		6015A1C42B78FB9B00E9D879 /* CleanPokedex.app */ = {isa = PBXFileReference; explicitFileType = wrapper.application; includeInIndex = 0; path = CleanPokedex.app; sourceTree = BUILT_PRODUCTS_DIR; };
		6015A1C72B78FB9B00E9D879 /* AppDelegate.swift */ = {isa = PBXFileReference; lastKnownFileType = sourcecode.swift; path = AppDelegate.swift; sourceTree = "<group>"; };
		6015A1C92B78FB9B00E9D879 /* SceneDelegate.swift */ = {isa = PBXFileReference; lastKnownFileType = sourcecode.swift; path = SceneDelegate.swift; sourceTree = "<group>"; };
		6015A1CB2B78FB9B00E9D879 /* PokeListViewController.swift */ = {isa = PBXFileReference; lastKnownFileType = sourcecode.swift; path = PokeListViewController.swift; sourceTree = "<group>"; };
		6015A1D02B78FB9C00E9D879 /* Assets.xcassets */ = {isa = PBXFileReference; lastKnownFileType = folder.assetcatalog; path = Assets.xcassets; sourceTree = "<group>"; };
		6015A1D32B78FB9C00E9D879 /* Base */ = {isa = PBXFileReference; lastKnownFileType = file.storyboard; name = Base; path = Base.lproj/LaunchScreen.storyboard; sourceTree = "<group>"; };
		6015A1D52B78FB9C00E9D879 /* Info.plist */ = {isa = PBXFileReference; lastKnownFileType = text.plist.xml; path = Info.plist; sourceTree = "<group>"; };
		6015A1E12B78FD0F00E9D879 /* PokeListViewModel.swift */ = {isa = PBXFileReference; lastKnownFileType = sourcecode.swift; path = PokeListViewModel.swift; sourceTree = "<group>"; };
		6015A1E32B78FE7300E9D879 /* PokeSearchFlowCoordinator.swift */ = {isa = PBXFileReference; lastKnownFileType = sourcecode.swift; path = PokeSearchFlowCoordinator.swift; sourceTree = "<group>"; };
		6015A1E52B78FEA300E9D879 /* Coordinator.swift */ = {isa = PBXFileReference; lastKnownFileType = sourcecode.swift; path = Coordinator.swift; sourceTree = "<group>"; };
		6015A1E72B7900CF00E9D879 /* AppCoordinator.swift */ = {isa = PBXFileReference; lastKnownFileType = sourcecode.swift; path = AppCoordinator.swift; sourceTree = "<group>"; };
		6015A1EC2B79033000E9D879 /* PokeListViewModelImp.swift */ = {isa = PBXFileReference; lastKnownFileType = sourcecode.swift; path = PokeListViewModelImp.swift; sourceTree = "<group>"; };
		6015A1F02B79C74A00E9D879 /* PokeListTableView.swift */ = {isa = PBXFileReference; lastKnownFileType = sourcecode.swift; path = PokeListTableView.swift; sourceTree = "<group>"; };
		6015A1F32B79C8B700E9D879 /* PokeListItemCell.swift */ = {isa = PBXFileReference; lastKnownFileType = sourcecode.swift; path = PokeListItemCell.swift; sourceTree = "<group>"; };
		6015A1F52B79D17300E9D879 /* PokeListItem.swift */ = {isa = PBXFileReference; lastKnownFileType = sourcecode.swift; path = PokeListItem.swift; sourceTree = "<group>"; };
/* End PBXFileReference section */

/* Begin PBXFrameworksBuildPhase section */
		6015A1C12B78FB9B00E9D879 /* Frameworks */ = {
			isa = PBXFrameworksBuildPhase;
			buildActionMask = 2147483647;
			files = (
			);
			runOnlyForDeploymentPostprocessing = 0;
		};
/* End PBXFrameworksBuildPhase section */

/* Begin PBXGroup section */
		6015A1BB2B78FB9B00E9D879 = {
			isa = PBXGroup;
			children = (
				6015A1C62B78FB9B00E9D879 /* CleanPokedex */,
				6015A1C52B78FB9B00E9D879 /* Products */,
			);
			sourceTree = "<group>";
		};
		6015A1C52B78FB9B00E9D879 /* Products */ = {
			isa = PBXGroup;
			children = (
				6015A1C42B78FB9B00E9D879 /* CleanPokedex.app */,
			);
			name = Products;
			sourceTree = "<group>";
		};
		6015A1C62B78FB9B00E9D879 /* CleanPokedex */ = {
			isa = PBXGroup;
			children = (
				6015A1DC2B78FC2D00E9D879 /* Presentation */,
				6015A1DB2B78FC2100E9D879 /* Application */,
				6015A1D02B78FB9C00E9D879 /* Assets.xcassets */,
				6015A1D22B78FB9C00E9D879 /* LaunchScreen.storyboard */,
				6015A1D52B78FB9C00E9D879 /* Info.plist */,
			);
			path = CleanPokedex;
			sourceTree = "<group>";
		};
		6015A1DB2B78FC2100E9D879 /* Application */ = {
			isa = PBXGroup;
			children = (
				6015A1C72B78FB9B00E9D879 /* AppDelegate.swift */,
				6015A1C92B78FB9B00E9D879 /* SceneDelegate.swift */,
				6015A1E52B78FEA300E9D879 /* Coordinator.swift */,
				6015A1E72B7900CF00E9D879 /* AppCoordinator.swift */,
			);
			path = Application;
			sourceTree = "<group>";
		};
		6015A1DC2B78FC2D00E9D879 /* Presentation */ = {
			isa = PBXGroup;
			children = (
				6015A1DD2B78FC4D00E9D879 /* PokedexScene */,
			);
			path = Presentation;
			sourceTree = "<group>";
		};
		6015A1DD2B78FC4D00E9D879 /* PokedexScene */ = {
			isa = PBXGroup;
			children = (
				6015A1EE2B79C6B600E9D879 /* Utils */,
				6015A1DE2B78FC6200E9D879 /* Flows */,
				6015A1E02B78FC8400E9D879 /* PokeDetails */,
				6015A1DF2B78FC7100E9D879 /* PokeList */,
			);
			path = PokedexScene;
			sourceTree = "<group>";
		};
		6015A1DE2B78FC6200E9D879 /* Flows */ = {
			isa = PBXGroup;
			children = (
				6015A1E32B78FE7300E9D879 /* PokeSearchFlowCoordinator.swift */,
			);
			path = Flows;
			sourceTree = "<group>";
		};
		6015A1DF2B78FC7100E9D879 /* PokeList */ = {
			isa = PBXGroup;
			children = (
				6015A1EB2B79032000E9D879 /* ViewModel */,
				6015A1E92B79030700E9D879 /* View */,
			);
			path = PokeList;
			sourceTree = "<group>";
		};
		6015A1E02B78FC8400E9D879 /* PokeDetails */ = {
			isa = PBXGroup;
			children = (
			);
			path = PokeDetails;
			sourceTree = "<group>";
		};
		6015A1E92B79030700E9D879 /* View */ = {
			isa = PBXGroup;
			children = (
				6015A1CB2B78FB9B00E9D879 /* PokeListViewController.swift */,
				6015A1EF2B79C73100E9D879 /* PokeListTableView */,
			);
			path = View;
			sourceTree = "<group>";
		};
		6015A1EB2B79032000E9D879 /* ViewModel */ = {
			isa = PBXGroup;
			children = (
				6015A1E12B78FD0F00E9D879 /* PokeListViewModel.swift */,
				6015A1EC2B79033000E9D879 /* PokeListViewModelImp.swift */,
				6015A1F52B79D17300E9D879 /* PokeListItem.swift */,
			);
			path = ViewModel;
			sourceTree = "<group>";
		};
		6015A1EE2B79C6B600E9D879 /* Utils */ = {
			isa = PBXGroup;
			children = (
			);
			path = Utils;
			sourceTree = "<group>";
		};
		6015A1EF2B79C73100E9D879 /* PokeListTableView */ = {
			isa = PBXGroup;
			children = (
				6015A1F22B79C8A000E9D879 /* Cells */,
				6015A1F02B79C74A00E9D879 /* PokeListTableView.swift */,
			);
			path = PokeListTableView;
			sourceTree = "<group>";
		};
		6015A1F22B79C8A000E9D879 /* Cells */ = {
			isa = PBXGroup;
			children = (
				6015A1F32B79C8B700E9D879 /* PokeListItemCell.swift */,
			);
			path = Cells;
			sourceTree = "<group>";
		};
/* End PBXGroup section */

/* Begin PBXNativeTarget section */
		6015A1C32B78FB9B00E9D879 /* CleanPokedex */ = {
			isa = PBXNativeTarget;
			buildConfigurationList = 6015A1D82B78FB9C00E9D879 /* Build configuration list for PBXNativeTarget "CleanPokedex" */;
			buildPhases = (
				6015A1C02B78FB9B00E9D879 /* Sources */,
				6015A1C12B78FB9B00E9D879 /* Frameworks */,
				6015A1C22B78FB9B00E9D879 /* Resources */,
			);
			buildRules = (
			);
			dependencies = (
			);
			name = CleanPokedex;
			productName = CleanPokedex;
			productReference = 6015A1C42B78FB9B00E9D879 /* CleanPokedex.app */;
			productType = "com.apple.product-type.application";
		};
/* End PBXNativeTarget section */

/* Begin PBXProject section */
		6015A1BC2B78FB9B00E9D879 /* Project object */ = {
			isa = PBXProject;
			attributes = {
				BuildIndependentTargetsInParallel = 1;
				LastSwiftUpdateCheck = 1520;
				LastUpgradeCheck = 1520;
				TargetAttributes = {
					6015A1C32B78FB9B00E9D879 = {
						CreatedOnToolsVersion = 15.2;
					};
				};
			};
			buildConfigurationList = 6015A1BF2B78FB9B00E9D879 /* Build configuration list for PBXProject "CleanPokedex" */;
			compatibilityVersion = "Xcode 14.0";
			developmentRegion = en;
			hasScannedForEncodings = 0;
			knownRegions = (
				en,
				Base,
			);
			mainGroup = 6015A1BB2B78FB9B00E9D879;
			productRefGroup = 6015A1C52B78FB9B00E9D879 /* Products */;
			projectDirPath = "";
			projectRoot = "";
			targets = (
				6015A1C32B78FB9B00E9D879 /* CleanPokedex */,
			);
		};
/* End PBXProject section */

/* Begin PBXResourcesBuildPhase section */
		6015A1C22B78FB9B00E9D879 /* Resources */ = {
			isa = PBXResourcesBuildPhase;
			buildActionMask = 2147483647;
			files = (
				6015A1D42B78FB9C00E9D879 /* LaunchScreen.storyboard in Resources */,
				6015A1D12B78FB9C00E9D879 /* Assets.xcassets in Resources */,
			);
			runOnlyForDeploymentPostprocessing = 0;
		};
/* End PBXResourcesBuildPhase section */

/* Begin PBXSourcesBuildPhase section */
		6015A1C02B78FB9B00E9D879 /* Sources */ = {
			isa = PBXSourcesBuildPhase;
			buildActionMask = 2147483647;
			files = (
				6015A1CC2B78FB9B00E9D879 /* PokeListViewController.swift in Sources */,
				6015A1E22B78FD0F00E9D879 /* PokeListViewModel.swift in Sources */,
				6015A1ED2B79033000E9D879 /* PokeListViewModelImp.swift in Sources */,
				6015A1E62B78FEA300E9D879 /* Coordinator.swift in Sources */,
				6015A1F62B79D17300E9D879 /* PokeListItem.swift in Sources */,
				6015A1C82B78FB9B00E9D879 /* AppDelegate.swift in Sources */,
				6015A1F42B79C8B700E9D879 /* PokeListItemCell.swift in Sources */,
				6015A1F12B79C74A00E9D879 /* PokeListTableView.swift in Sources */,
				6015A1CA2B78FB9B00E9D879 /* SceneDelegate.swift in Sources */,
				6015A1E42B78FE7300E9D879 /* PokeSearchFlowCoordinator.swift in Sources */,
				6015A1E82B7900CF00E9D879 /* AppCoordinator.swift in Sources */,
			);
			runOnlyForDeploymentPostprocessing = 0;
		};
/* End PBXSourcesBuildPhase section */

/* Begin PBXVariantGroup section */
		6015A1D22B78FB9C00E9D879 /* LaunchScreen.storyboard */ = {
			isa = PBXVariantGroup;
			children = (
				6015A1D32B78FB9C00E9D879 /* Base */,
			);
			name = LaunchScreen.storyboard;
			sourceTree = "<group>";
		};
/* End PBXVariantGroup section */

/* Begin XCBuildConfiguration section */
		6015A1D62B78FB9C00E9D879 /* Debug */ = {
			isa = XCBuildConfiguration;
			buildSettings = {
				ALWAYS_SEARCH_USER_PATHS = NO;
				ASSETCATALOG_COMPILER_GENERATE_SWIFT_ASSET_SYMBOL_EXTENSIONS = YES;
				CLANG_ANALYZER_NONNULL = YES;
				CLANG_ANALYZER_NUMBER_OBJECT_CONVERSION = YES_AGGRESSIVE;
				CLANG_CXX_LANGUAGE_STANDARD = "gnu++20";
				CLANG_ENABLE_MODULES = YES;
				CLANG_ENABLE_OBJC_ARC = YES;
				CLANG_ENABLE_OBJC_WEAK = YES;
				CLANG_WARN_BLOCK_CAPTURE_AUTORELEASING = YES;
				CLANG_WARN_BOOL_CONVERSION = YES;
				CLANG_WARN_COMMA = YES;
				CLANG_WARN_CONSTANT_CONVERSION = YES;
				CLANG_WARN_DEPRECATED_OBJC_IMPLEMENTATIONS = YES;
				CLANG_WARN_DIRECT_OBJC_ISA_USAGE = YES_ERROR;
				CLANG_WARN_DOCUMENTATION_COMMENTS = YES;
				CLANG_WARN_EMPTY_BODY = YES;
				CLANG_WARN_ENUM_CONVERSION = YES;
				CLANG_WARN_INFINITE_RECURSION = YES;
				CLANG_WARN_INT_CONVERSION = YES;
				CLANG_WARN_NON_LITERAL_NULL_CONVERSION = YES;
				CLANG_WARN_OBJC_IMPLICIT_RETAIN_SELF = YES;
				CLANG_WARN_OBJC_LITERAL_CONVERSION = YES;
				CLANG_WARN_OBJC_ROOT_CLASS = YES_ERROR;
				CLANG_WARN_QUOTED_INCLUDE_IN_FRAMEWORK_HEADER = YES;
				CLANG_WARN_RANGE_LOOP_ANALYSIS = YES;
				CLANG_WARN_STRICT_PROTOTYPES = YES;
				CLANG_WARN_SUSPICIOUS_MOVE = YES;
				CLANG_WARN_UNGUARDED_AVAILABILITY = YES_AGGRESSIVE;
				CLANG_WARN_UNREACHABLE_CODE = YES;
				CLANG_WARN__DUPLICATE_METHOD_MATCH = YES;
				COPY_PHASE_STRIP = NO;
				DEBUG_INFORMATION_FORMAT = dwarf;
				ENABLE_STRICT_OBJC_MSGSEND = YES;
				ENABLE_TESTABILITY = YES;
				ENABLE_USER_SCRIPT_SANDBOXING = YES;
				GCC_C_LANGUAGE_STANDARD = gnu17;
				GCC_DYNAMIC_NO_PIC = NO;
				GCC_NO_COMMON_BLOCKS = YES;
				GCC_OPTIMIZATION_LEVEL = 0;
				GCC_PREPROCESSOR_DEFINITIONS = (
					"DEBUG=1",
					"$(inherited)",
				);
				GCC_WARN_64_TO_32_BIT_CONVERSION = YES;
				GCC_WARN_ABOUT_RETURN_TYPE = YES_ERROR;
				GCC_WARN_UNDECLARED_SELECTOR = YES;
				GCC_WARN_UNINITIALIZED_AUTOS = YES_AGGRESSIVE;
				GCC_WARN_UNUSED_FUNCTION = YES;
				GCC_WARN_UNUSED_VARIABLE = YES;
				IPHONEOS_DEPLOYMENT_TARGET = 17.2;
				LOCALIZATION_PREFERS_STRING_CATALOGS = YES;
				MTL_ENABLE_DEBUG_INFO = INCLUDE_SOURCE;
				MTL_FAST_MATH = YES;
				ONLY_ACTIVE_ARCH = YES;
				SDKROOT = iphoneos;
				SWIFT_ACTIVE_COMPILATION_CONDITIONS = "DEBUG $(inherited)";
				SWIFT_OPTIMIZATION_LEVEL = "-Onone";
			};
			name = Debug;
		};
		6015A1D72B78FB9C00E9D879 /* Release */ = {
			isa = XCBuildConfiguration;
			buildSettings = {
				ALWAYS_SEARCH_USER_PATHS = NO;
				ASSETCATALOG_COMPILER_GENERATE_SWIFT_ASSET_SYMBOL_EXTENSIONS = YES;
				CLANG_ANALYZER_NONNULL = YES;
				CLANG_ANALYZER_NUMBER_OBJECT_CONVERSION = YES_AGGRESSIVE;
				CLANG_CXX_LANGUAGE_STANDARD = "gnu++20";
				CLANG_ENABLE_MODULES = YES;
				CLANG_ENABLE_OBJC_ARC = YES;
				CLANG_ENABLE_OBJC_WEAK = YES;
				CLANG_WARN_BLOCK_CAPTURE_AUTORELEASING = YES;
				CLANG_WARN_BOOL_CONVERSION = YES;
				CLANG_WARN_COMMA = YES;
				CLANG_WARN_CONSTANT_CONVERSION = YES;
				CLANG_WARN_DEPRECATED_OBJC_IMPLEMENTATIONS = YES;
				CLANG_WARN_DIRECT_OBJC_ISA_USAGE = YES_ERROR;
				CLANG_WARN_DOCUMENTATION_COMMENTS = YES;
				CLANG_WARN_EMPTY_BODY = YES;
				CLANG_WARN_ENUM_CONVERSION = YES;
				CLANG_WARN_INFINITE_RECURSION = YES;
				CLANG_WARN_INT_CONVERSION = YES;
				CLANG_WARN_NON_LITERAL_NULL_CONVERSION = YES;
				CLANG_WARN_OBJC_IMPLICIT_RETAIN_SELF = YES;
				CLANG_WARN_OBJC_LITERAL_CONVERSION = YES;
				CLANG_WARN_OBJC_ROOT_CLASS = YES_ERROR;
				CLANG_WARN_QUOTED_INCLUDE_IN_FRAMEWORK_HEADER = YES;
				CLANG_WARN_RANGE_LOOP_ANALYSIS = YES;
				CLANG_WARN_STRICT_PROTOTYPES = YES;
				CLANG_WARN_SUSPICIOUS_MOVE = YES;
				CLANG_WARN_UNGUARDED_AVAILABILITY = YES_AGGRESSIVE;
				CLANG_WARN_UNREACHABLE_CODE = YES;
				CLANG_WARN__DUPLICATE_METHOD_MATCH = YES;
				COPY_PHASE_STRIP = NO;
				DEBUG_INFORMATION_FORMAT = "dwarf-with-dsym";
				ENABLE_NS_ASSERTIONS = NO;
				ENABLE_STRICT_OBJC_MSGSEND = YES;
				ENABLE_USER_SCRIPT_SANDBOXING = YES;
				GCC_C_LANGUAGE_STANDARD = gnu17;
				GCC_NO_COMMON_BLOCKS = YES;
				GCC_WARN_64_TO_32_BIT_CONVERSION = YES;
				GCC_WARN_ABOUT_RETURN_TYPE = YES_ERROR;
				GCC_WARN_UNDECLARED_SELECTOR = YES;
				GCC_WARN_UNINITIALIZED_AUTOS = YES_AGGRESSIVE;
				GCC_WARN_UNUSED_FUNCTION = YES;
				GCC_WARN_UNUSED_VARIABLE = YES;
				IPHONEOS_DEPLOYMENT_TARGET = 17.2;
				LOCALIZATION_PREFERS_STRING_CATALOGS = YES;
				MTL_ENABLE_DEBUG_INFO = NO;
				MTL_FAST_MATH = YES;
				SDKROOT = iphoneos;
				SWIFT_COMPILATION_MODE = wholemodule;
				VALIDATE_PRODUCT = YES;
			};
			name = Release;
		};
		6015A1D92B78FB9C00E9D879 /* Debug */ = {
			isa = XCBuildConfiguration;
			buildSettings = {
				ASSETCATALOG_COMPILER_APPICON_NAME = AppIcon;
				ASSETCATALOG_COMPILER_GLOBAL_ACCENT_COLOR_NAME = AccentColor;
				CODE_SIGN_STYLE = Automatic;
				CURRENT_PROJECT_VERSION = 1;
				DEVELOPMENT_TEAM = 3NP4Z3WZ94;
				GENERATE_INFOPLIST_FILE = YES;
				INFOPLIST_FILE = CleanPokedex/Info.plist;
				INFOPLIST_KEY_UIApplicationSupportsIndirectInputEvents = YES;
				INFOPLIST_KEY_UILaunchStoryboardName = LaunchScreen;
				INFOPLIST_KEY_UISupportedInterfaceOrientations_iPad = "UIInterfaceOrientationPortrait UIInterfaceOrientationPortraitUpsideDown UIInterfaceOrientationLandscapeLeft UIInterfaceOrientationLandscapeRight";
				INFOPLIST_KEY_UISupportedInterfaceOrientations_iPhone = "UIInterfaceOrientationPortrait UIInterfaceOrientationLandscapeLeft UIInterfaceOrientationLandscapeRight";
				LD_RUNPATH_SEARCH_PATHS = (
					"$(inherited)",
					"@executable_path/Frameworks",
				);
				MARKETING_VERSION = 1.0;
				PRODUCT_BUNDLE_IDENTIFIER = com.seuhong.CleanPokedex;
				PRODUCT_NAME = "$(TARGET_NAME)";
				SWIFT_EMIT_LOC_STRINGS = YES;
				SWIFT_VERSION = 5.0;
				TARGETED_DEVICE_FAMILY = "1,2";
			};
			name = Debug;
		};
		6015A1DA2B78FB9C00E9D879 /* Release */ = {
			isa = XCBuildConfiguration;
			buildSettings = {
				ASSETCATALOG_COMPILER_APPICON_NAME = AppIcon;
				ASSETCATALOG_COMPILER_GLOBAL_ACCENT_COLOR_NAME = AccentColor;
				CODE_SIGN_STYLE = Automatic;
				CURRENT_PROJECT_VERSION = 1;
				DEVELOPMENT_TEAM = 3NP4Z3WZ94;
				GENERATE_INFOPLIST_FILE = YES;
				INFOPLIST_FILE = CleanPokedex/Info.plist;
				INFOPLIST_KEY_UIApplicationSupportsIndirectInputEvents = YES;
				INFOPLIST_KEY_UILaunchStoryboardName = LaunchScreen;
				INFOPLIST_KEY_UISupportedInterfaceOrientations_iPad = "UIInterfaceOrientationPortrait UIInterfaceOrientationPortraitUpsideDown UIInterfaceOrientationLandscapeLeft UIInterfaceOrientationLandscapeRight";
				INFOPLIST_KEY_UISupportedInterfaceOrientations_iPhone = "UIInterfaceOrientationPortrait UIInterfaceOrientationLandscapeLeft UIInterfaceOrientationLandscapeRight";
				LD_RUNPATH_SEARCH_PATHS = (
					"$(inherited)",
					"@executable_path/Frameworks",
				);
				MARKETING_VERSION = 1.0;
				PRODUCT_BUNDLE_IDENTIFIER = com.seuhong.CleanPokedex;
				PRODUCT_NAME = "$(TARGET_NAME)";
				SWIFT_EMIT_LOC_STRINGS = YES;
				SWIFT_VERSION = 5.0;
				TARGETED_DEVICE_FAMILY = "1,2";
			};
			name = Release;
		};
/* End XCBuildConfiguration section */

/* Begin XCConfigurationList section */
		6015A1BF2B78FB9B00E9D879 /* Build configuration list for PBXProject "CleanPokedex" */ = {
			isa = XCConfigurationList;
			buildConfigurations = (
				6015A1D62B78FB9C00E9D879 /* Debug */,
				6015A1D72B78FB9C00E9D879 /* Release */,
			);
			defaultConfigurationIsVisible = 0;
			defaultConfigurationName = Release;
		};
		6015A1D82B78FB9C00E9D879 /* Build configuration list for PBXNativeTarget "CleanPokedex" */ = {
			isa = XCConfigurationList;
			buildConfigurations = (
				6015A1D92B78FB9C00E9D879 /* Debug */,
				6015A1DA2B78FB9C00E9D879 /* Release */,
			);
			defaultConfigurationIsVisible = 0;
			defaultConfigurationName = Release;
		};
/* End XCConfigurationList section */
	};
	rootObject = 6015A1BC2B78FB9B00E9D879 /* Project object */;
}
